// !$*UTF8*$!
{
	archiveVersion = 1;
	classes = {
	};
	objectVersion = 50;
	objects = {

/* Begin PBXBuildFile section */
		FAD73DD922053C8800913D37 /* AppDelegate.swift in Sources */ = {isa = PBXBuildFile; fileRef = FAD73DD822053C8800913D37 /* AppDelegate.swift */; };
		FAD73DDB22053C8800913D37 /* ViewController.swift in Sources */ = {isa = PBXBuildFile; fileRef = FAD73DDA22053C8800913D37 /* ViewController.swift */; };
		FAD73DDE22053C8800913D37 /* Main.storyboard in Resources */ = {isa = PBXBuildFile; fileRef = FAD73DDC22053C8800913D37 /* Main.storyboard */; };
		FAD73DE022053C8900913D37 /* Assets.xcassets in Resources */ = {isa = PBXBuildFile; fileRef = FAD73DDF22053C8900913D37 /* Assets.xcassets */; };
		FAD73DE322053C8900913D37 /* LaunchScreen.storyboard in Resources */ = {isa = PBXBuildFile; fileRef = FAD73DE122053C8900913D37 /* LaunchScreen.storyboard */; };
		FAD73DEE22053C8A00913D37 /* pruebaGitTests.swift in Sources */ = {isa = PBXBuildFile; fileRef = FAD73DED22053C8A00913D37 /* pruebaGitTests.swift */; };
		FAD73DF922053C8A00913D37 /* pruebaGitUITests.swift in Sources */ = {isa = PBXBuildFile; fileRef = FAD73DF822053C8A00913D37 /* pruebaGitUITests.swift */; };
/* End PBXBuildFile section */

/* Begin PBXContainerItemProxy section */
		FAD73DEA22053C8A00913D37 /* PBXContainerItemProxy */ = {
			isa = PBXContainerItemProxy;
			containerPortal = FAD73DCD22053C8700913D37 /* Project object */;
			proxyType = 1;
			remoteGlobalIDString = FAD73DD422053C8700913D37;
			remoteInfo = pruebaGit;
		};
		FAD73DF522053C8A00913D37 /* PBXContainerItemProxy */ = {
			isa = PBXContainerItemProxy;
			containerPortal = FAD73DCD22053C8700913D37 /* Project object */;
			proxyType = 1;
			remoteGlobalIDString = FAD73DD422053C8700913D37;
			remoteInfo = pruebaGit;
		};
/* End PBXContainerItemProxy section */

/* Begin PBXFileReference section */
		FAD73DD522053C8800913D37 /* pruebaGit.app */ = {isa = PBXFileReference; explicitFileType = wrapper.application; includeInIndex = 0; path = pruebaGit.app; sourceTree = BUILT_PRODUCTS_DIR; };
		FAD73DD822053C8800913D37 /* AppDelegate.swift */ = {isa = PBXFileReference; lastKnownFileType = sourcecode.swift; path = AppDelegate.swift; sourceTree = "<group>"; };
		FAD73DDA22053C8800913D37 /* ViewController.swift */ = {isa = PBXFileReference; lastKnownFileType = sourcecode.swift; path = ViewController.swift; sourceTree = "<group>"; };
		FAD73DDD22053C8800913D37 /* Base */ = {isa = PBXFileReference; lastKnownFileType = file.storyboard; name = Base; path = Base.lproj/Main.storyboard; sourceTree = "<group>"; };
		FAD73DDF22053C8900913D37 /* Assets.xcassets */ = {isa = PBXFileReference; lastKnownFileType = folder.assetcatalog; path = Assets.xcassets; sourceTree = "<group>"; };
		FAD73DE222053C8900913D37 /* Base */ = {isa = PBXFileReference; lastKnownFileType = file.storyboard; name = Base; path = Base.lproj/LaunchScreen.storyboard; sourceTree = "<group>"; };
		FAD73DE422053C8900913D37 /* Info.plist */ = {isa = PBXFileReference; lastKnownFileType = text.plist.xml; path = Info.plist; sourceTree = "<group>"; };
		FAD73DE922053C8A00913D37 /* pruebaGitTests.xctest */ = {isa = PBXFileReference; explicitFileType = wrapper.cfbundle; includeInIndex = 0; path = pruebaGitTests.xctest; sourceTree = BUILT_PRODUCTS_DIR; };
		FAD73DED22053C8A00913D37 /* pruebaGitTests.swift */ = {isa = PBXFileReference; lastKnownFileType = sourcecode.swift; path = pruebaGitTests.swift; sourceTree = "<group>"; };
		FAD73DEF22053C8A00913D37 /* Info.plist */ = {isa = PBXFileReference; lastKnownFileType = text.plist.xml; path = Info.plist; sourceTree = "<group>"; };
		FAD73DF422053C8A00913D37 /* pruebaGitUITests.xctest */ = {isa = PBXFileReference; explicitFileType = wrapper.cfbundle; includeInIndex = 0; path = pruebaGitUITests.xctest; sourceTree = BUILT_PRODUCTS_DIR; };
		FAD73DF822053C8A00913D37 /* pruebaGitUITests.swift */ = {isa = PBXFileReference; lastKnownFileType = sourcecode.swift; path = pruebaGitUITests.swift; sourceTree = "<group>"; };
		FAD73DFA22053C8A00913D37 /* Info.plist */ = {isa = PBXFileReference; lastKnownFileType = text.plist.xml; path = Info.plist; sourceTree = "<group>"; };
/* End PBXFileReference section */

/* Begin PBXFrameworksBuildPhase section */
		FAD73DD222053C8700913D37 /* Frameworks */ = {
			isa = PBXFrameworksBuildPhase;
			buildActionMask = 2147483647;
			files = (
			);
			runOnlyForDeploymentPostprocessing = 0;
		};
		FAD73DE622053C8A00913D37 /* Frameworks */ = {
			isa = PBXFrameworksBuildPhase;
			buildActionMask = 2147483647;
			files = (
			);
			runOnlyForDeploymentPostprocessing = 0;
		};
		FAD73DF122053C8A00913D37 /* Frameworks */ = {
			isa = PBXFrameworksBuildPhase;
			buildActionMask = 2147483647;
			files = (
			);
			runOnlyForDeploymentPostprocessing = 0;
		};
/* End PBXFrameworksBuildPhase section */

/* Begin PBXGroup section */
		FAD73DCC22053C8700913D37 = {
			isa = PBXGroup;
			children = (
				FAD73DD722053C8800913D37 /* pruebaGit */,
				FAD73DEC22053C8A00913D37 /* pruebaGitTests */,
				FAD73DF722053C8A00913D37 /* pruebaGitUITests */,
				FAD73DD622053C8800913D37 /* Products */,
			);
			sourceTree = "<group>";
		};
		FAD73DD622053C8800913D37 /* Products */ = {
			isa = PBXGroup;
			children = (
				FAD73DD522053C8800913D37 /* pruebaGit.app */,
				FAD73DE922053C8A00913D37 /* pruebaGitTests.xctest */,
				FAD73DF422053C8A00913D37 /* pruebaGitUITests.xctest */,
			);
			name = Products;
			sourceTree = "<group>";
		};
		FAD73DD722053C8800913D37 /* pruebaGit */ = {
			isa = PBXGroup;
			children = (
				FAD73DD822053C8800913D37 /* AppDelegate.swift */,
				FAD73DDA22053C8800913D37 /* ViewController.swift */,
				FAD73DDC22053C8800913D37 /* Main.storyboard */,
				FAD73DDF22053C8900913D37 /* Assets.xcassets */,
				FAD73DE122053C8900913D37 /* LaunchScreen.storyboard */,
				FAD73DE422053C8900913D37 /* Info.plist */,
			);
			path = pruebaGit;
			sourceTree = "<group>";
		};
		FAD73DEC22053C8A00913D37 /* pruebaGitTests */ = {
			isa = PBXGroup;
			children = (
				FAD73DED22053C8A00913D37 /* pruebaGitTests.swift */,
				FAD73DEF22053C8A00913D37 /* Info.plist */,
			);
			path = pruebaGitTests;
			sourceTree = "<group>";
		};
		FAD73DF722053C8A00913D37 /* pruebaGitUITests */ = {
			isa = PBXGroup;
			children = (
				FAD73DF822053C8A00913D37 /* pruebaGitUITests.swift */,
				FAD73DFA22053C8A00913D37 /* Info.plist */,
			);
			path = pruebaGitUITests;
			sourceTree = "<group>";
		};
/* End PBXGroup section */

/* Begin PBXNativeTarget section */
		FAD73DD422053C8700913D37 /* pruebaGit */ = {
			isa = PBXNativeTarget;
			buildConfigurationList = FAD73DFD22053C8A00913D37 /* Build configuration list for PBXNativeTarget "pruebaGit" */;
			buildPhases = (
				FAD73DD122053C8700913D37 /* Sources */,
				FAD73DD222053C8700913D37 /* Frameworks */,
				FAD73DD322053C8700913D37 /* Resources */,
			);
			buildRules = (
			);
			dependencies = (
			);
			name = pruebaGit;
			productName = pruebaGit;
			productReference = FAD73DD522053C8800913D37 /* pruebaGit.app */;
			productType = "com.apple.product-type.application";
		};
		FAD73DE822053C8A00913D37 /* pruebaGitTests */ = {
			isa = PBXNativeTarget;
			buildConfigurationList = FAD73E0022053C8A00913D37 /* Build configuration list for PBXNativeTarget "pruebaGitTests" */;
			buildPhases = (
				FAD73DE522053C8A00913D37 /* Sources */,
				FAD73DE622053C8A00913D37 /* Frameworks */,
				FAD73DE722053C8A00913D37 /* Resources */,
			);
			buildRules = (
			);
			dependencies = (
				FAD73DEB22053C8A00913D37 /* PBXTargetDependency */,
			);
			name = pruebaGitTests;
			productName = pruebaGitTests;
			productReference = FAD73DE922053C8A00913D37 /* pruebaGitTests.xctest */;
			productType = "com.apple.product-type.bundle.unit-test";
		};
		FAD73DF322053C8A00913D37 /* pruebaGitUITests */ = {
			isa = PBXNativeTarget;
			buildConfigurationList = FAD73E0322053C8A00913D37 /* Build configuration list for PBXNativeTarget "pruebaGitUITests" */;
			buildPhases = (
				FAD73DF022053C8A00913D37 /* Sources */,
				FAD73DF122053C8A00913D37 /* Frameworks */,
				FAD73DF222053C8A00913D37 /* Resources */,
			);
			buildRules = (
			);
			dependencies = (
				FAD73DF622053C8A00913D37 /* PBXTargetDependency */,
			);
			name = pruebaGitUITests;
			productName = pruebaGitUITests;
			productReference = FAD73DF422053C8A00913D37 /* pruebaGitUITests.xctest */;
			productType = "com.apple.product-type.bundle.ui-testing";
		};
/* End PBXNativeTarget section */

/* Begin PBXProject section */
		FAD73DCD22053C8700913D37 /* Project object */ = {
			isa = PBXProject;
			attributes = {
				LastSwiftUpdateCheck = 1010;
				LastUpgradeCheck = 1010;
				ORGANIZATIONNAME = Macbook;
				TargetAttributes = {
					FAD73DD422053C8700913D37 = {
						CreatedOnToolsVersion = 10.1;
					};
					FAD73DE822053C8A00913D37 = {
						CreatedOnToolsVersion = 10.1;
						TestTargetID = FAD73DD422053C8700913D37;
					};
					FAD73DF322053C8A00913D37 = {
						CreatedOnToolsVersion = 10.1;
						TestTargetID = FAD73DD422053C8700913D37;
					};
				};
			};
			buildConfigurationList = FAD73DD022053C8700913D37 /* Build configuration list for PBXProject "pruebaGit" */;
			compatibilityVersion = "Xcode 9.3";
			developmentRegion = en;
			hasScannedForEncodings = 0;
			knownRegions = (
				en,
				Base,
			);
			mainGroup = FAD73DCC22053C8700913D37;
			productRefGroup = FAD73DD622053C8800913D37 /* Products */;
			projectDirPath = "";
			projectRoot = "";
			targets = (
				FAD73DD422053C8700913D37 /* pruebaGit */,
				FAD73DE822053C8A00913D37 /* pruebaGitTests */,
				FAD73DF322053C8A00913D37 /* pruebaGitUITests */,
			);
		};
/* End PBXProject section */

/* Begin PBXResourcesBuildPhase section */
		FAD73DD322053C8700913D37 /* Resources */ = {
			isa = PBXResourcesBuildPhase;
			buildActionMask = 2147483647;
			files = (
				FAD73DE322053C8900913D37 /* LaunchScreen.storyboard in Resources */,
				FAD73DE022053C8900913D37 /* Assets.xcassets in Resources */,
				FAD73DDE22053C8800913D37 /* Main.storyboard in Resources */,
			);
			runOnlyForDeploymentPostprocessing = 0;
		};
		FAD73DE722053C8A00913D37 /* Resources */ = {
			isa = PBXResourcesBuildPhase;
			buildActionMask = 2147483647;
			files = (
			);
			runOnlyForDeploymentPostprocessing = 0;
		};
		FAD73DF222053C8A00913D37 /* Resources */ = {
			isa = PBXResourcesBuildPhase;
			buildActionMask = 2147483647;
			files = (
			);
			runOnlyForDeploymentPostprocessing = 0;
		};
/* End PBXResourcesBuildPhase section */

/* Begin PBXSourcesBuildPhase section */
		FAD73DD122053C8700913D37 /* Sources */ = {
			isa = PBXSourcesBuildPhase;
			buildActionMask = 2147483647;
			files = (
				FAD73DDB22053C8800913D37 /* ViewController.swift in Sources */,
				FAD73DD922053C8800913D37 /* AppDelegate.swift in Sources */,
			);
			runOnlyForDeploymentPostprocessing = 0;
		};
		FAD73DE522053C8A00913D37 /* Sources */ = {
			isa = PBXSourcesBuildPhase;
			buildActionMask = 2147483647;
			files = (
				FAD73DEE22053C8A00913D37 /* pruebaGitTests.swift in Sources */,
			);
			runOnlyForDeploymentPostprocessing = 0;
		};
		FAD73DF022053C8A00913D37 /* Sources */ = {
			isa = PBXSourcesBuildPhase;
			buildActionMask = 2147483647;
			files = (
				FAD73DF922053C8A00913D37 /* pruebaGitUITests.swift in Sources */,
			);
			runOnlyForDeploymentPostprocessing = 0;
		};
/* End PBXSourcesBuildPhase section */

/* Begin PBXTargetDependency section */
		FAD73DEB22053C8A00913D37 /* PBXTargetDependency */ = {
			isa = PBXTargetDependency;
			target = FAD73DD422053C8700913D37 /* pruebaGit */;
			targetProxy = FAD73DEA22053C8A00913D37 /* PBXContainerItemProxy */;
		};
		FAD73DF622053C8A00913D37 /* PBXTargetDependency */ = {
			isa = PBXTargetDependency;
			target = FAD73DD422053C8700913D37 /* pruebaGit */;
			targetProxy = FAD73DF522053C8A00913D37 /* PBXContainerItemProxy */;
		};
/* End PBXTargetDependency section */

/* Begin PBXVariantGroup section */
		FAD73DDC22053C8800913D37 /* Main.storyboard */ = {
			isa = PBXVariantGroup;
			children = (
				FAD73DDD22053C8800913D37 /* Base */,
			);
			name = Main.storyboard;
			sourceTree = "<group>";
		};
		FAD73DE122053C8900913D37 /* LaunchScreen.storyboard */ = {
			isa = PBXVariantGroup;
			children = (
				FAD73DE222053C8900913D37 /* Base */,
			);
			name = LaunchScreen.storyboard;
			sourceTree = "<group>";
		};
/* End PBXVariantGroup section */

/* Begin XCBuildConfiguration section */
		FAD73DFB22053C8A00913D37 /* Debug */ = {
			isa = XCBuildConfiguration;
			buildSettings = {
				ALWAYS_SEARCH_USER_PATHS = NO;
				CLANG_ANALYZER_NONNULL = YES;
				CLANG_ANALYZER_NUMBER_OBJECT_CONVERSION = YES_AGGRESSIVE;
				CLANG_CXX_LANGUAGE_STANDARD = "gnu++14";
				CLANG_CXX_LIBRARY = "libc++";
				CLANG_ENABLE_MODULES = YES;
				CLANG_ENABLE_OBJC_ARC = YES;
				CLANG_ENABLE_OBJC_WEAK = YES;
				CLANG_WARN_BLOCK_CAPTURE_AUTORELEASING = YES;
				CLANG_WARN_BOOL_CONVERSION = YES;
				CLANG_WARN_COMMA = YES;
				CLANG_WARN_CONSTANT_CONVERSION = YES;
				CLANG_WARN_DEPRECATED_OBJC_IMPLEMENTATIONS = YES;
				CLANG_WARN_DIRECT_OBJC_ISA_USAGE = YES_ERROR;
				CLANG_WARN_DOCUMENTATION_COMMENTS = YES;
				CLANG_WARN_EMPTY_BODY = YES;
				CLANG_WARN_ENUM_CONVERSION = YES;
				CLANG_WARN_INFINITE_RECURSION = YES;
				CLANG_WARN_INT_CONVERSION = YES;
				CLANG_WARN_NON_LITERAL_NULL_CONVERSION = YES;
				CLANG_WARN_OBJC_IMPLICIT_RETAIN_SELF = YES;
				CLANG_WARN_OBJC_LITERAL_CONVERSION = YES;
				CLANG_WARN_OBJC_ROOT_CLASS = YES_ERROR;
				CLANG_WARN_RANGE_LOOP_ANALYSIS = YES;
				CLANG_WARN_STRICT_PROTOTYPES = YES;
				CLANG_WARN_SUSPICIOUS_MOVE = YES;
				CLANG_WARN_UNGUARDED_AVAILABILITY = YES_AGGRESSIVE;
				CLANG_WARN_UNREACHABLE_CODE = YES;
				CLANG_WARN__DUPLICATE_METHOD_MATCH = YES;
				CODE_SIGN_IDENTITY = "iPhone Developer";
				COPY_PHASE_STRIP = NO;
				DEBUG_INFORMATION_FORMAT = dwarf;
				ENABLE_STRICT_OBJC_MSGSEND = YES;
				ENABLE_TESTABILITY = YES;
				GCC_C_LANGUAGE_STANDARD = gnu11;
				GCC_DYNAMIC_NO_PIC = NO;
				GCC_NO_COMMON_BLOCKS = YES;
				GCC_OPTIMIZATION_LEVEL = 0;
				GCC_PREPROCESSOR_DEFINITIONS = (
					"DEBUG=1",
					"$(inherited)",
				);
				GCC_WARN_64_TO_32_BIT_CONVERSION = YES;
				GCC_WARN_ABOUT_RETURN_TYPE = YES_ERROR;
				GCC_WARN_UNDECLARED_SELECTOR = YES;
				GCC_WARN_UNINITIALIZED_AUTOS = YES_AGGRESSIVE;
				GCC_WARN_UNUSED_FUNCTION = YES;
				GCC_WARN_UNUSED_VARIABLE = YES;
				IPHONEOS_DEPLOYMENT_TARGET = 12.1;
				MTL_ENABLE_DEBUG_INFO = INCLUDE_SOURCE;
				MTL_FAST_MATH = YES;
				ONLY_ACTIVE_ARCH = YES;
				SDKROOT = iphoneos;
				SWIFT_ACTIVE_COMPILATION_CONDITIONS = DEBUG;
				SWIFT_OPTIMIZATION_LEVEL = "-Onone";
			};
			name = Debug;
		};
		FAD73DFC22053C8A00913D37 /* Release */ = {
			isa = XCBuildConfiguration;
			buildSettings = {
				ALWAYS_SEARCH_USER_PATHS = NO;
				CLANG_ANALYZER_NONNULL = YES;
				CLANG_ANALYZER_NUMBER_OBJECT_CONVERSION = YES_AGGRESSIVE;
				CLANG_CXX_LANGUAGE_STANDARD = "gnu++14";
				CLANG_CXX_LIBRARY = "libc++";
				CLANG_ENABLE_MODULES = YES;
				CLANG_ENABLE_OBJC_ARC = YES;
				CLANG_ENABLE_OBJC_WEAK = YES;
				CLANG_WARN_BLOCK_CAPTURE_AUTORELEASING = YES;
				CLANG_WARN_BOOL_CONVERSION = YES;
				CLANG_WARN_COMMA = YES;
				CLANG_WARN_CONSTANT_CONVERSION = YES;
				CLANG_WARN_DEPRECATED_OBJC_IMPLEMENTATIONS = YES;
				CLANG_WARN_DIRECT_OBJC_ISA_USAGE = YES_ERROR;
				CLANG_WARN_DOCUMENTATION_COMMENTS = YES;
				CLANG_WARN_EMPTY_BODY = YES;
				CLANG_WARN_ENUM_CONVERSION = YES;
				CLANG_WARN_INFINITE_RECURSION = YES;
				CLANG_WARN_INT_CONVERSION = YES;
				CLANG_WARN_NON_LITERAL_NULL_CONVERSION = YES;
				CLANG_WARN_OBJC_IMPLICIT_RETAIN_SELF = YES;
				CLANG_WARN_OBJC_LITERAL_CONVERSION = YES;
				CLANG_WARN_OBJC_ROOT_CLASS = YES_ERROR;
				CLANG_WARN_RANGE_LOOP_ANALYSIS = YES;
				CLANG_WARN_STRICT_PROTOTYPES = YES;
				CLANG_WARN_SUSPICIOUS_MOVE = YES;
				CLANG_WARN_UNGUARDED_AVAILABILITY = YES_AGGRESSIVE;
				CLANG_WARN_UNREACHABLE_CODE = YES;
				CLANG_WARN__DUPLICATE_METHOD_MATCH = YES;
				CODE_SIGN_IDENTITY = "iPhone Developer";
				COPY_PHASE_STRIP = NO;
				DEBUG_INFORMATION_FORMAT = "dwarf-with-dsym";
				ENABLE_NS_ASSERTIONS = NO;
				ENABLE_STRICT_OBJC_MSGSEND = YES;
				GCC_C_LANGUAGE_STANDARD = gnu11;
				GCC_NO_COMMON_BLOCKS = YES;
				GCC_WARN_64_TO_32_BIT_CONVERSION = YES;
				GCC_WARN_ABOUT_RETURN_TYPE = YES_ERROR;
				GCC_WARN_UNDECLARED_SELECTOR = YES;
				GCC_WARN_UNINITIALIZED_AUTOS = YES_AGGRESSIVE;
				GCC_WARN_UNUSED_FUNCTION = YES;
				GCC_WARN_UNUSED_VARIABLE = YES;
				IPHONEOS_DEPLOYMENT_TARGET = 12.1;
				MTL_ENABLE_DEBUG_INFO = NO;
				MTL_FAST_MATH = YES;
				SDKROOT = iphoneos;
				SWIFT_COMPILATION_MODE = wholemodule;
				SWIFT_OPTIMIZATION_LEVEL = "-O";
				VALIDATE_PRODUCT = YES;
			};
			name = Release;
		};
		FAD73DFE22053C8A00913D37 /* Debug */ = {
			isa = XCBuildConfiguration;
			buildSettings = {
				ASSETCATALOG_COMPILER_APPICON_NAME = AppIcon;
				CODE_SIGN_STYLE = Automatic;
				INFOPLIST_FILE = pruebaGit/Info.plist;
				LD_RUNPATH_SEARCH_PATHS = (
					"$(inherited)",
					"@executable_path/Frameworks",
				);
				PRODUCT_BUNDLE_IDENTIFIER = pruebaGit.pruebaGit;
				PRODUCT_NAME = "$(TARGET_NAME)";
				SWIFT_VERSION = 4.2;
				TARGETED_DEVICE_FAMILY = "1,2";
			};
			name = Debug;
		};
		FAD73DFF22053C8A00913D37 /* Release */ = {
			isa = XCBuildConfiguration;
			buildSettings = {
				ASSETCATALOG_COMPILER_APPICON_NAME = AppIcon;
				CODE_SIGN_STYLE = Automatic;
				INFOPLIST_FILE = pruebaGit/Info.plist;
				LD_RUNPATH_SEARCH_PATHS = (
					"$(inherited)",
					"@executable_path/Frameworks",
				);
				PRODUCT_BUNDLE_IDENTIFIER = pruebaGit.pruebaGit;
				PRODUCT_NAME = "$(TARGET_NAME)";
				SWIFT_VERSION = 4.2;
				TARGETED_DEVICE_FAMILY = "1,2";
			};
			name = Release;
		};
		FAD73E0122053C8A00913D37 /* Debug */ = {
			isa = XCBuildConfiguration;
			buildSettings = {
				ALWAYS_EMBED_SWIFT_STANDARD_LIBRARIES = YES;
				BUNDLE_LOADER = "$(TEST_HOST)";
				CODE_SIGN_STYLE = Automatic;
				INFOPLIST_FILE = pruebaGitTests/Info.plist;
				LD_RUNPATH_SEARCH_PATHS = (
					"$(inherited)",
					"@executable_path/Frameworks",
					"@loader_path/Frameworks",
				);
				PRODUCT_BUNDLE_IDENTIFIER = pruebaGit.pruebaGitTests;
				PRODUCT_NAME = "$(TARGET_NAME)";
				SWIFT_VERSION = 4.2;
				TARGETED_DEVICE_FAMILY = "1,2";
				TEST_HOST = "$(BUILT_PRODUCTS_DIR)/pruebaGit.app/pruebaGit";
			};
			name = Debug;
		};
		FAD73E0222053C8A00913D37 /* Release */ = {
			isa = XCBuildConfiguration;
			buildSettings = {
				ALWAYS_EMBED_SWIFT_STANDARD_LIBRARIES = YES;
				BUNDLE_LOADER = "$(TEST_HOST)";
				CODE_SIGN_STYLE = Automatic;
				INFOPLIST_FILE = pruebaGitTests/Info.plist;
				LD_RUNPATH_SEARCH_PATHS = (
					"$(inherited)",
					"@executable_path/Frameworks",
					"@loader_path/Frameworks",
				);
				PRODUCT_BUNDLE_IDENTIFIER = pruebaGit.pruebaGitTests;
				PRODUCT_NAME = "$(TARGET_NAME)";
				SWIFT_VERSION = 4.2;
				TARGETED_DEVICE_FAMILY = "1,2";
				TEST_HOST = "$(BUILT_PRODUCTS_DIR)/pruebaGit.app/pruebaGit";
			};
			name = Release;
		};
		FAD73E0422053C8A00913D37 /* Debug */ = {
			isa = XCBuildConfiguration;
			buildSettings = {
				ALWAYS_EMBED_SWIFT_STANDARD_LIBRARIES = YES;
				CODE_SIGN_STYLE = Automatic;
				INFOPLIST_FILE = pruebaGitUITests/Info.plist;
				LD_RUNPATH_SEARCH_PATHS = (
					"$(inherited)",
					"@executable_path/Frameworks",
					"@loader_path/Frameworks",
				);
				PRODUCT_BUNDLE_IDENTIFIER = pruebaGit.pruebaGitUITests;
				PRODUCT_NAME = "$(TARGET_NAME)";
				SWIFT_VERSION = 4.2;
				TARGETED_DEVICE_FAMILY = "1,2";
				TEST_TARGET_NAME = pruebaGit;
			};
			name = Debug;
		};
		FAD73E0522053C8A00913D37 /* Release */ = {
			isa = XCBuildConfiguration;
			buildSettings = {
				ALWAYS_EMBED_SWIFT_STANDARD_LIBRARIES = YES;
				CODE_SIGN_STYLE = Automatic;
				INFOPLIST_FILE = pruebaGitUITests/Info.plist;
				LD_RUNPATH_SEARCH_PATHS = (
					"$(inherited)",
					"@executable_path/Frameworks",
					"@loader_path/Frameworks",
				);
				PRODUCT_BUNDLE_IDENTIFIER = pruebaGit.pruebaGitUITests;
				PRODUCT_NAME = "$(TARGET_NAME)";
				SWIFT_VERSION = 4.2;
				TARGETED_DEVICE_FAMILY = "1,2";
				TEST_TARGET_NAME = pruebaGit;
			};
			name = Release;
		};
/* End XCBuildConfiguration section */

/* Begin XCConfigurationList section */
		FAD73DD022053C8700913D37 /* Build configuration list for PBXProject "pruebaGit" */ = {
			isa = XCConfigurationList;
			buildConfigurations = (
				FAD73DFB22053C8A00913D37 /* Debug */,
				FAD73DFC22053C8A00913D37 /* Release */,
			);
			defaultConfigurationIsVisible = 0;
			defaultConfigurationName = Release;
		};
		FAD73DFD22053C8A00913D37 /* Build configuration list for PBXNativeTarget "pruebaGit" */ = {
			isa = XCConfigurationList;
			buildConfigurations = (
				FAD73DFE22053C8A00913D37 /* Debug */,
				FAD73DFF22053C8A00913D37 /* Release */,
			);
			defaultConfigurationIsVisible = 0;
			defaultConfigurationName = Release;
		};
		FAD73E0022053C8A00913D37 /* Build configuration list for PBXNativeTarget "pruebaGitTests" */ = {
			isa = XCConfigurationList;
			buildConfigurations = (
				FAD73E0122053C8A00913D37 /* Debug */,
				FAD73E0222053C8A00913D37 /* Release */,
			);
			defaultConfigurationIsVisible = 0;
			defaultConfigurationName = Release;
		};
		FAD73E0322053C8A00913D37 /* Build configuration list for PBXNativeTarget "pruebaGitUITests" */ = {
			isa = XCConfigurationList;
			buildConfigurations = (
				FAD73E0422053C8A00913D37 /* Debug */,
				FAD73E0522053C8A00913D37 /* Release */,
			);
			defaultConfigurationIsVisible = 0;
			defaultConfigurationName = Release;
		};
/* End XCConfigurationList section */
	};
	rootObject = FAD73DCD22053C8700913D37 /* Project object */;
}
